
Microsoft Visual Studio Solution File, Format Version 12.00
# Visual Studio Version 16
VisualStudioVersion = 16.0.33214.272
MinimumVisualStudioVersion = 10.0.40219.1
Project("{FAE04EC0-301F-11D3-BF4B-00C04F79EFBC}") = "SearchAvailableHalls", "SearchAvailableHalls\SearchAvailableHalls.csproj", "{486A1ACC-91B6-4F4A-8105-035233F4D418}"
EndProject
Global
	GlobalSection(SolutionConfigurationPlatforms) = preSolution
		Debug|Any CPU = Debug|Any CPU
		Release|Any CPU = Release|Any CPU
	EndGlobalSection
	GlobalSection(ProjectConfigurationPlatforms) = postSolution
		{486A1ACC-91B6-4F4A-8105-035233F4D418}.Debug|Any CPU.ActiveCfg = Debug|Any CPU
		{486A1ACC-91B6-4F4A-8105-035233F4D418}.Debug|Any CPU.Build.0 = Debug|Any CPU
		{486A1ACC-91B6-4F4A-8105-035233F4D418}.Release|Any CPU.ActiveCfg = Release|Any CPU
		{486A1ACC-91B6-4F4A-8105-035233F4D418}.Release|Any CPU.Build.0 = Release|Any CPU
	EndGlobalSection
	GlobalSection(SolutionProperties) = preSolution
		HideSolutionNode = FALSE
	EndGlobalSection
	GlobalSection(ExtensibilityGlobals) = postSolution
		SolutionGuid = {4CD9FD58-25BB-4B56-9486-7BB075B99DBA}
	EndGlobalSection
EndGlobal
